<?xml version="1.0" encoding="utf-8"?>
<Project ToolsVersion="4.0" xmlns="http://schemas.microsoft.com/developer/msbuild/2003">
  <ItemGroup>
    <Filter Include="Source Files">
      <UniqueIdentifier>{4FC737F1-C7A5-4376-A066-2A32D752A2FF}</UniqueIdentifier>
      <Extensions>cpp;c;cc;cxx;c++;cppm;ixx;def;odl;idl;hpj;bat;asm;asmx</Extensions>
    </Filter>
    <Filter Include="Header Files">
      <UniqueIdentifier>{93995380-89BD-4b04-88EB-625FBE52EBFB}</UniqueIdentifier>
      <Extensions>h;hh;hpp;hxx;h++;hm;inl;inc;ipp;xsd</Extensions>
    </Filter>
    <Filter Include="Resource Files">
      <UniqueIdentifier>{67DA6AB6-F800-4c08-8B7A-83BB121AAD01}</UniqueIdentifier>
      <Extensions>rc;ico;cur;bmp;dlg;rc2;rct;bin;rgs;gif;jpg;jpeg;jpe;resx;tiff;tif;png;wav;mfcribbon-ms</Extensions>
    </Filter>
    <Filter Include="Source Files\src">
      <UniqueIdentifier>{4c18ec01-ec26-4c5a-b30b-a2242e52c106}</UniqueIdentifier>
    </Filter>
    <Filter Include="Source Files\src\entitySystem">
      <UniqueIdentifier>{129bbea9-d0ec-4668-a654-3d3378e41f40}</UniqueIdentifier>
    </Filter>
    <Filter Include="Source Files\src\utils">
      <UniqueIdentifier>{39ce3a62-5885-4cc1-9429-1fec9c085e8e}</UniqueIdentifier>
    </Filter>
    <Filter Include="Source Files\src\utils\position">
      <UniqueIdentifier>{bdcfbf1b-9444-456b-afff-bdf59d67d034}</UniqueIdentifier>
    </Filter>
    <Filter Include="Source Files\src\entitySystem\Components">
      <UniqueIdentifier>{b7db9106-6240-4dfe-b69e-0bc5d3417b6b}</UniqueIdentifier>
    </Filter>
    <Filter Include="Source Files\src\entitySystem\Components\Renderable">
      <UniqueIdentifier>{7be79c6b-cb5d-4f8d-b6bc-e48c1ee5d2e0}</UniqueIdentifier>
    </Filter>
    <Filter Include="Source Files\src\entitySystem\Components\Renderable\sprite">
      <UniqueIdentifier>{1781dff2-fcbe-4ae7-8513-6826b67c4ff1}</UniqueIdentifier>
    </Filter>
    <Filter Include="Source Files\src\entitySystem\Components\Renderable\sprite\korwin">
      <UniqueIdentifier>{ab42f88c-f629-40d3-bda8-beb5731a6482}</UniqueIdentifier>
    </Filter>
    <Filter Include="Source Files\src\entitySystem\Entities">
      <UniqueIdentifier>{47721f1b-347d-4e5b-b97f-6d8ca4843738}</UniqueIdentifier>
    </Filter>
    <Filter Include="Source Files\src\entitySystem\Entities\tests">
      <UniqueIdentifier>{0eb0b6ae-4b59-419f-9f1e-fed28ff58513}</UniqueIdentifier>
    </Filter>
  </ItemGroup>
  <ItemGroup>
    <ClCompile Include="main.cpp">
      <Filter>Source Files</Filter>
    </ClCompile>
    <ClCompile Include="gameloop.cpp">
      <Filter>Source Files\src</Filter>
    </ClCompile>
    <ClCompile Include="Position.cpp">
      <Filter>Source Files\src\utils\position</Filter>
    </ClCompile>
    <ClCompile Include="Renderable.cpp">
      <Filter>Source Files\src\entitySystem\Components\Renderable</Filter>
    </ClCompile>
    <ClCompile Include="SpriteRenderer.cpp">
      <Filter>Source Files\src\entitySystem\Components\Renderable\sprite</Filter>
    </ClCompile>
    <ClCompile Include="korwin.cpp">
      <Filter>Source Files\src\entitySystem\Components\Renderable\sprite\korwin</Filter>
    </ClCompile>
    <ClCompile Include="korwintest.cpp">
      <Filter>Source Files\src\entitySystem\Entities\tests</Filter>
    </ClCompile>
    <ClCompile Include="Component.cpp">
      <Filter>Source Files\src\entitySystem</Filter>
    </ClCompile>
    <ClCompile Include="Entity.cpp">
      <Filter>Source Files\src\entitySystem</Filter>
    </ClCompile>
    <ClCompile Include="SpriteAction.cpp">
      <Filter>Source Files\src\entitySystem\Components\Renderable\sprite</Filter>
    </ClCompile>
    <ClCompile Include="Action.cpp">
      <Filter>Source Files\src\entitySystem\Components\Renderable</Filter>
    </ClCompile>
  </ItemGroup>
  <ItemGroup>
    <Image Include="test.png">
      <Filter>Resource Files</Filter>
    </Image>
  </ItemGroup>
  <ItemGroup>
    <ClInclude Include="funcs.hpp">
      <Filter>Source Files\src\utils</Filter>
    </ClInclude>
    <ClInclude Include="constants.hpp">
      <Filter>Source Files\src\utils</Filter>
    </ClInclude>
    <ClInclude Include="gameloop.hpp">
      <Filter>Source Files\src</Filter>
    </ClInclude>
    <ClInclude Include="Position.hpp">
      <Filter>Source Files\src\utils\position</Filter>
    </ClInclude>
    <ClInclude Include="Renderable.hpp">
      <Filter>Source Files\src\entitySystem\Components\Renderable</Filter>
    </ClInclude>
    <ClInclude Include="SpriteRenderer.hpp">
      <Filter>Source Files\src\entitySystem\Components\Renderable\sprite</Filter>
    </ClInclude>
    <ClInclude Include="korwin.hpp">
      <Filter>Source Files\src\entitySystem\Components\Renderable\sprite\korwin</Filter>
    </ClInclude>
    <ClInclude Include="korwintest.hpp">
      <Filter>Source Files\src\entitySystem\Entities\tests</Filter>
    </ClInclude>
    <ClInclude Include="Component.hpp">
      <Filter>Source Files\src\entitySystem</Filter>
    </ClInclude>
    <ClInclude Include="Entity.hpp">
      <Filter>Source Files\src\entitySystem</Filter>
    </ClInclude>
    <ClInclude Include="SpriteAction.hpp">
      <Filter>Source Files\src\entitySystem\Components\Renderable\sprite</Filter>
    </ClInclude>
    <ClInclude Include="Action.hpp">
      <Filter>Source Files\src\entitySystem\Components\Renderable</Filter>
    </ClInclude>
  </ItemGroup>
</Project>